Microsoft Visual Studio Solution File, Format Version 12.00
# Visual Studio Version 17
VisualStudioVersion = 17.5.2.0
MinimumVisualStudioVersion = 10.0.40219.1
Project("{FAE04EC0-301F-11D3-BF4B-00C04F79EFBC}") = "my-dotnet-app", "src\my-dotnet-app.csproj", "{0D397B81-305C-1154-139A-BDCAB5EEB94D}"
EndProject
Global
	GlobalSection(SolutionConfigurationPlatforms) = preSolution
		Debug|Any CPU = Debug|Any CPU
		Release|Any CPU = Release|Any CPU
	EndGlobalSection
	GlobalSection(ProjectConfigurationPlatforms) = postSolution
		{0D397B81-305C-1154-139A-BDCAB5EEB94D}.Debug|Any CPU.ActiveCfg = Debug|Any CPU
		{0D397B81-305C-1154-139A-BDCAB5EEB94D}.Debug|Any CPU.Build.0 = Debug|Any CPU
		{0D397B81-305C-1154-139A-BDCAB5EEB94D}.Release|Any CPU.ActiveCfg = Release|Any CPU
		{0D397B81-305C-1154-139A-BDCAB5EEB94D}.Release|Any CPU.Build.0 = Release|Any CPU
	EndGlobalSection
	GlobalSection(SolutionProperties) = preSolution
		HideSolutionNode = FALSE
	EndGlobalSection
	GlobalSection(ExtensibilityGlobals) = postSolution
		SolutionGuid = {3BF1A2A2-4CCA-4DE9-BD93-D43487D6B018}
	EndGlobalSection
EndGlobal
